{
  "name": "puppybowl",
  "lockfileVersion": 2,
  "requires": true,
  "packages": {
    "": {
      "dependencies": {
        "puppybowl-workshop": "github:peanuthd89/UNIV_PuppyBowl_Starter"
      }
    },
    "node_modules/puppybowl-workshop": {
      "version": "1.0.0",
      "resolved": "git+ssh://git@github.com/peanuthd89/UNIV_PuppyBowl_Starter.git#9cf960238db5127c0ea9c44c1ddcdb49792b4ca5",
      "license": "ISC"
    }
  },
  "dependencies": {
    "puppybowl-workshop": {
      "version": "git+ssh://git@github.com/peanuthd89/UNIV_PuppyBowl_Starter.git#9cf960238db5127c0ea9c44c1ddcdb49792b4ca5",
      "from": "puppybowl-workshop@github:peanuthd89/UNIV_PuppyBowl_Starter"
    }
  }
}
